# THIS IS AN AUTOGENERATED FILE. DO NOT EDIT THIS FILE DIRECTLY.
# yarn lockfile v1


flex-js@^1.0.5:
  version "1.0.5"
  resolved "https://registry.yarnpkg.com/flex-js/-/flex-js-1.0.5.tgz#1b9a3fda1d080e83aed217a9caca01a4d33286c0"
  integrity sha512-Z5uoLzOGtTB/nzaTVVBbwmxOHBzHovAGJHLXE1TUKsQuN1RRWMOWeA08J9RRKtAl9TH9tkaH6fpjA4sLf0DzQw==

prettier@^2.4.1:
  version "2.4.1"
  resolved "https://registry.yarnpkg.com/prettier/-/prettier-2.4.1.tgz#671e11c89c14a4cfc876ce564106c4a6726c9f5c"
  integrity sha512-9fbDAXSBcc6Bs1mZrDYb3XKzDLm4EXXL9sC1LqKP5rZkT6KRr/rf9amVUcODVXgguK/isJz0d0hP72WeaKWsvA==
